
Microsoft Visual Studio Solution File, Format Version 12.00
# Visual Studio Version 17
VisualStudioVersion = 17.6.33801.468
MinimumVisualStudioVersion = 10.0.40219.1
Project("{9A19103F-16F7-4668-BE54-9A1E7A4F7556}") = "UserTaskAPI", "UserTaskAPI\UserTaskAPI.csproj", "{CF2F7A0C-8D3E-466C-971D-506307945CDE}"
EndProject
Project("{9A19103F-16F7-4668-BE54-9A1E7A4F7556}") = "UserTaskCore", "UserTaskShared\UserTaskCore.csproj", "{3EBFAD3B-47EE-450B-9038-396A5F12FEC1}"
EndProject
Global
	GlobalSection(SolutionConfigurationPlatforms) = preSolution
		Debug|Any CPU = Debug|Any CPU
		Release|Any CPU = Release|Any CPU
	EndGlobalSection
	GlobalSection(ProjectConfigurationPlatforms) = postSolution
		{CF2F7A0C-8D3E-466C-971D-506307945CDE}.Debug|Any CPU.ActiveCfg = Debug|Any CPU
		{CF2F7A0C-8D3E-466C-971D-506307945CDE}.Debug|Any CPU.Build.0 = Debug|Any CPU
		{CF2F7A0C-8D3E-466C-971D-506307945CDE}.Release|Any CPU.ActiveCfg = Release|Any CPU
		{CF2F7A0C-8D3E-466C-971D-506307945CDE}.Release|Any CPU.Build.0 = Release|Any CPU
		{3EBFAD3B-47EE-450B-9038-396A5F12FEC1}.Debug|Any CPU.ActiveCfg = Debug|Any CPU
		{3EBFAD3B-47EE-450B-9038-396A5F12FEC1}.Debug|Any CPU.Build.0 = Debug|Any CPU
		{3EBFAD3B-47EE-450B-9038-396A5F12FEC1}.Release|Any CPU.ActiveCfg = Release|Any CPU
		{3EBFAD3B-47EE-450B-9038-396A5F12FEC1}.Release|Any CPU.Build.0 = Release|Any CPU
	EndGlobalSection
	GlobalSection(SolutionProperties) = preSolution
		HideSolutionNode = FALSE
	EndGlobalSection
	GlobalSection(ExtensibilityGlobals) = postSolution
		SolutionGuid = {7B73FACF-F5C7-4854-8479-D1B6E3EF301A}
	EndGlobalSection
EndGlobal
